
Microsoft Visual Studio Solution File, Format Version 12.00
# Visual Studio 15
VisualStudioVersion = 15.0.27130.2036
MinimumVisualStudioVersion = 10.0.40219.1
Project("{FAE04EC0-301F-11D3-BF4B-00C04F79EFBC}") = "NaturalDisasters-API", "NaturalDisasters-API\NaturalDisasters-API.csproj", "{A8AFB5F4-7CD2-4034-A02A-77A856F2530B}"
EndProject
Global
	GlobalSection(SolutionConfigurationPlatforms) = preSolution
		Debug|Any CPU = Debug|Any CPU
		Release|Any CPU = Release|Any CPU
	EndGlobalSection
	GlobalSection(ProjectConfigurationPlatforms) = postSolution
		{A8AFB5F4-7CD2-4034-A02A-77A856F2530B}.Debug|Any CPU.ActiveCfg = Debug|Any CPU
		{A8AFB5F4-7CD2-4034-A02A-77A856F2530B}.Debug|Any CPU.Build.0 = Debug|Any CPU
		{A8AFB5F4-7CD2-4034-A02A-77A856F2530B}.Release|Any CPU.ActiveCfg = Release|Any CPU
		{A8AFB5F4-7CD2-4034-A02A-77A856F2530B}.Release|Any CPU.Build.0 = Release|Any CPU
	EndGlobalSection
	GlobalSection(SolutionProperties) = preSolution
		HideSolutionNode = FALSE
	EndGlobalSection
	GlobalSection(ExtensibilityGlobals) = postSolution
		SolutionGuid = {CE5BC9D1-34AB-4F20-BE7B-66C67A69E36E}
	EndGlobalSection
EndGlobal
